// !$*UTF8*$!
{
	archiveVersion = 1;
	classes = {
	};
	objectVersion = 46;
	objects = {

/* Begin PBXBuildFile section */
		26869C341F2F175E00AB5D0F /* main.m in Sources */ = {isa = PBXBuildFile; fileRef = 26869C331F2F175E00AB5D0F /* main.m */; };
		26869C371F2F175E00AB5D0F /* AppDelegate.m in Sources */ = {isa = PBXBuildFile; fileRef = 26869C361F2F175E00AB5D0F /* AppDelegate.m */; };
		26869C3A1F2F175E00AB5D0F /* ViewController.m in Sources */ = {isa = PBXBuildFile; fileRef = 26869C391F2F175E00AB5D0F /* ViewController.m */; };
		26869C3D1F2F175E00AB5D0F /* Main.storyboard in Resources */ = {isa = PBXBuildFile; fileRef = 26869C3B1F2F175E00AB5D0F /* Main.storyboard */; };
		26869C3F1F2F175E00AB5D0F /* Assets.xcassets in Resources */ = {isa = PBXBuildFile; fileRef = 26869C3E1F2F175E00AB5D0F /* Assets.xcassets */; };
		26869C421F2F175E00AB5D0F /* LaunchScreen.storyboard in Resources */ = {isa = PBXBuildFile; fileRef = 26869C401F2F175E00AB5D0F /* LaunchScreen.storyboard */; };
		26869C4D1F2F175E00AB5D0F /* CarthageDemoTests.m in Sources */ = {isa = PBXBuildFile; fileRef = 26869C4C1F2F175E00AB5D0F /* CarthageDemoTests.m */; };
		26869C581F2F175E00AB5D0F /* CarthageDemoUITests.m in Sources */ = {isa = PBXBuildFile; fileRef = 26869C571F2F175E00AB5D0F /* CarthageDemoUITests.m */; };
/* End PBXBuildFile section */

/* Begin PBXContainerItemProxy section */
		26869C491F2F175E00AB5D0F /* PBXContainerItemProxy */ = {
			isa = PBXContainerItemProxy;
			containerPortal = 26869C271F2F175E00AB5D0F /* Project object */;
			proxyType = 1;
			remoteGlobalIDString = 26869C2E1F2F175E00AB5D0F;
			remoteInfo = CarthageDemo;
		};
		26869C541F2F175E00AB5D0F /* PBXContainerItemProxy */ = {
			isa = PBXContainerItemProxy;
			containerPortal = 26869C271F2F175E00AB5D0F /* Project object */;
			proxyType = 1;
			remoteGlobalIDString = 26869C2E1F2F175E00AB5D0F;
			remoteInfo = CarthageDemo;
		};
/* End PBXContainerItemProxy section */

/* Begin PBXFileReference section */
		26869C2F1F2F175E00AB5D0F /* CarthageDemo.app */ = {isa = PBXFileReference; explicitFileType = wrapper.application; includeInIndex = 0; path = CarthageDemo.app; sourceTree = BUILT_PRODUCTS_DIR; };
		26869C331F2F175E00AB5D0F /* main.m */ = {isa = PBXFileReference; lastKnownFileType = sourcecode.c.objc; path = main.m; sourceTree = "<group>"; };
		26869C351F2F175E00AB5D0F /* AppDelegate.h */ = {isa = PBXFileReference; lastKnownFileType = sourcecode.c.h; path = AppDelegate.h; sourceTree = "<group>"; };
		26869C361F2F175E00AB5D0F /* AppDelegate.m */ = {isa = PBXFileReference; lastKnownFileType = sourcecode.c.objc; path = AppDelegate.m; sourceTree = "<group>"; };
		26869C381F2F175E00AB5D0F /* ViewController.h */ = {isa = PBXFileReference; lastKnownFileType = sourcecode.c.h; path = ViewController.h; sourceTree = "<group>"; };
		26869C391F2F175E00AB5D0F /* ViewController.m */ = {isa = PBXFileReference; lastKnownFileType = sourcecode.c.objc; path = ViewController.m; sourceTree = "<group>"; };
		26869C3C1F2F175E00AB5D0F /* Base */ = {isa = PBXFileReference; lastKnownFileType = file.storyboard; name = Base; path = Base.lproj/Main.storyboard; sourceTree = "<group>"; };
		26869C3E1F2F175E00AB5D0F /* Assets.xcassets */ = {isa = PBXFileReference; lastKnownFileType = folder.assetcatalog; path = Assets.xcassets; sourceTree = "<group>"; };
		26869C411F2F175E00AB5D0F /* Base */ = {isa = PBXFileReference; lastKnownFileType = file.storyboard; name = Base; path = Base.lproj/LaunchScreen.storyboard; sourceTree = "<group>"; };
		26869C431F2F175E00AB5D0F /* Info.plist */ = {isa = PBXFileReference; lastKnownFileType = text.plist.xml; path = Info.plist; sourceTree = "<group>"; };
		26869C481F2F175E00AB5D0F /* CarthageDemoTests.xctest */ = {isa = PBXFileReference; explicitFileType = wrapper.cfbundle; includeInIndex = 0; path = CarthageDemoTests.xctest; sourceTree = BUILT_PRODUCTS_DIR; };
		26869C4C1F2F175E00AB5D0F /* CarthageDemoTests.m */ = {isa = PBXFileReference; lastKnownFileType = sourcecode.c.objc; path = CarthageDemoTests.m; sourceTree = "<group>"; };
		26869C4E1F2F175E00AB5D0F /* Info.plist */ = {isa = PBXFileReference; lastKnownFileType = text.plist.xml; path = Info.plist; sourceTree = "<group>"; };
		26869C531F2F175E00AB5D0F /* CarthageDemoUITests.xctest */ = {isa = PBXFileReference; explicitFileType = wrapper.cfbundle; includeInIndex = 0; path = CarthageDemoUITests.xctest; sourceTree = BUILT_PRODUCTS_DIR; };
		26869C571F2F175E00AB5D0F /* CarthageDemoUITests.m */ = {isa = PBXFileReference; lastKnownFileType = sourcecode.c.objc; path = CarthageDemoUITests.m; sourceTree = "<group>"; };
		26869C591F2F175E00AB5D0F /* Info.plist */ = {isa = PBXFileReference; lastKnownFileType = text.plist.xml; path = Info.plist; sourceTree = "<group>"; };
/* End PBXFileReference section */

/* Begin PBXFrameworksBuildPhase section */
		26869C2C1F2F175E00AB5D0F /* Frameworks */ = {
			isa = PBXFrameworksBuildPhase;
			buildActionMask = 2147483647;
			files = (
			);
			runOnlyForDeploymentPostprocessing = 0;
		};
		26869C451F2F175E00AB5D0F /* Frameworks */ = {
			isa = PBXFrameworksBuildPhase;
			buildActionMask = 2147483647;
			files = (
			);
			runOnlyForDeploymentPostprocessing = 0;
		};
		26869C501F2F175E00AB5D0F /* Frameworks */ = {
			isa = PBXFrameworksBuildPhase;
			buildActionMask = 2147483647;
			files = (
			);
			runOnlyForDeploymentPostprocessing = 0;
		};
/* End PBXFrameworksBuildPhase section */

/* Begin PBXGroup section */
		26869C261F2F175E00AB5D0F = {
			isa = PBXGroup;
			children = (
				26869C311F2F175E00AB5D0F /* CarthageDemo */,
				26869C4B1F2F175E00AB5D0F /* CarthageDemoTests */,
				26869C561F2F175E00AB5D0F /* CarthageDemoUITests */,
				26869C301F2F175E00AB5D0F /* Products */,
			);
			sourceTree = "<group>";
		};
		26869C301F2F175E00AB5D0F /* Products */ = {
			isa = PBXGroup;
			children = (
				26869C2F1F2F175E00AB5D0F /* CarthageDemo.app */,
				26869C481F2F175E00AB5D0F /* CarthageDemoTests.xctest */,
				26869C531F2F175E00AB5D0F /* CarthageDemoUITests.xctest */,
			);
			name = Products;
			sourceTree = "<group>";
		};
		26869C311F2F175E00AB5D0F /* CarthageDemo */ = {
			isa = PBXGroup;
			children = (
				26869C351F2F175E00AB5D0F /* AppDelegate.h */,
				26869C361F2F175E00AB5D0F /* AppDelegate.m */,
				26869C381F2F175E00AB5D0F /* ViewController.h */,
				26869C391F2F175E00AB5D0F /* ViewController.m */,
				26869C3B1F2F175E00AB5D0F /* Main.storyboard */,
				26869C3E1F2F175E00AB5D0F /* Assets.xcassets */,
				26869C401F2F175E00AB5D0F /* LaunchScreen.storyboard */,
				26869C431F2F175E00AB5D0F /* Info.plist */,
				26869C321F2F175E00AB5D0F /* Supporting Files */,
			);
			path = CarthageDemo;
			sourceTree = "<group>";
		};
		26869C321F2F175E00AB5D0F /* Supporting Files */ = {
			isa = PBXGroup;
			children = (
				26869C331F2F175E00AB5D0F /* main.m */,
			);
			name = "Supporting Files";
			sourceTree = "<group>";
		};
		26869C4B1F2F175E00AB5D0F /* CarthageDemoTests */ = {
			isa = PBXGroup;
			children = (
				26869C4C1F2F175E00AB5D0F /* CarthageDemoTests.m */,
				26869C4E1F2F175E00AB5D0F /* Info.plist */,
			);
			path = CarthageDemoTests;
			sourceTree = "<group>";
		};
		26869C561F2F175E00AB5D0F /* CarthageDemoUITests */ = {
			isa = PBXGroup;
			children = (
				26869C571F2F175E00AB5D0F /* CarthageDemoUITests.m */,
				26869C591F2F175E00AB5D0F /* Info.plist */,
			);
			path = CarthageDemoUITests;
			sourceTree = "<group>";
		};
/* End PBXGroup section */

/* Begin PBXNativeTarget section */
		26869C2E1F2F175E00AB5D0F /* CarthageDemo */ = {
			isa = PBXNativeTarget;
			buildConfigurationList = 26869C5C1F2F175E00AB5D0F /* Build configuration list for PBXNativeTarget "CarthageDemo" */;
			buildPhases = (
				26869C2B1F2F175E00AB5D0F /* Sources */,
				26869C2C1F2F175E00AB5D0F /* Frameworks */,
				26869C2D1F2F175E00AB5D0F /* Resources */,
			);
			buildRules = (
			);
			dependencies = (
			);
			name = CarthageDemo;
			productName = CarthageDemo;
			productReference = 26869C2F1F2F175E00AB5D0F /* CarthageDemo.app */;
			productType = "com.apple.product-type.application";
		};
		26869C471F2F175E00AB5D0F /* CarthageDemoTests */ = {
			isa = PBXNativeTarget;
			buildConfigurationList = 26869C5F1F2F175E00AB5D0F /* Build configuration list for PBXNativeTarget "CarthageDemoTests" */;
			buildPhases = (
				26869C441F2F175E00AB5D0F /* Sources */,
				26869C451F2F175E00AB5D0F /* Frameworks */,
				26869C461F2F175E00AB5D0F /* Resources */,
			);
			buildRules = (
			);
			dependencies = (
				26869C4A1F2F175E00AB5D0F /* PBXTargetDependency */,
			);
			name = CarthageDemoTests;
			productName = CarthageDemoTests;
			productReference = 26869C481F2F175E00AB5D0F /* CarthageDemoTests.xctest */;
			productType = "com.apple.product-type.bundle.unit-test";
		};
		26869C521F2F175E00AB5D0F /* CarthageDemoUITests */ = {
			isa = PBXNativeTarget;
			buildConfigurationList = 26869C621F2F175E00AB5D0F /* Build configuration list for PBXNativeTarget "CarthageDemoUITests" */;
			buildPhases = (
				26869C4F1F2F175E00AB5D0F /* Sources */,
				26869C501F2F175E00AB5D0F /* Frameworks */,
				26869C511F2F175E00AB5D0F /* Resources */,
			);
			buildRules = (
			);
			dependencies = (
				26869C551F2F175E00AB5D0F /* PBXTargetDependency */,
			);
			name = CarthageDemoUITests;
			productName = CarthageDemoUITests;
			productReference = 26869C531F2F175E00AB5D0F /* CarthageDemoUITests.xctest */;
			productType = "com.apple.product-type.bundle.ui-testing";
		};
/* End PBXNativeTarget section */

/* Begin PBXProject section */
		26869C271F2F175E00AB5D0F /* Project object */ = {
			isa = PBXProject;
			attributes = {
				LastUpgradeCheck = 0830;
				ORGANIZATIONNAME = xiaoSong;
				TargetAttributes = {
					26869C2E1F2F175E00AB5D0F = {
						CreatedOnToolsVersion = 8.3.3;
						DevelopmentTeam = E6233Y4S2J;
						ProvisioningStyle = Automatic;
					};
					26869C471F2F175E00AB5D0F = {
						CreatedOnToolsVersion = 8.3.3;
						DevelopmentTeam = E6233Y4S2J;
						ProvisioningStyle = Automatic;
						TestTargetID = 26869C2E1F2F175E00AB5D0F;
					};
					26869C521F2F175E00AB5D0F = {
						CreatedOnToolsVersion = 8.3.3;
						DevelopmentTeam = E6233Y4S2J;
						ProvisioningStyle = Automatic;
						TestTargetID = 26869C2E1F2F175E00AB5D0F;
					};
				};
			};
			buildConfigurationList = 26869C2A1F2F175E00AB5D0F /* Build configuration list for PBXProject "CarthageDemo" */;
			compatibilityVersion = "Xcode 3.2";
			developmentRegion = English;
			hasScannedForEncodings = 0;
			knownRegions = (
				en,
				Base,
			);
			mainGroup = 26869C261F2F175E00AB5D0F;
			productRefGroup = 26869C301F2F175E00AB5D0F /* Products */;
			projectDirPath = "";
			projectRoot = "";
			targets = (
				26869C2E1F2F175E00AB5D0F /* CarthageDemo */,
				26869C471F2F175E00AB5D0F /* CarthageDemoTests */,
				26869C521F2F175E00AB5D0F /* CarthageDemoUITests */,
			);
		};
/* End PBXProject section */

/* Begin PBXResourcesBuildPhase section */
		26869C2D1F2F175E00AB5D0F /* Resources */ = {
			isa = PBXResourcesBuildPhase;
			buildActionMask = 2147483647;
			files = (
				26869C421F2F175E00AB5D0F /* LaunchScreen.storyboard in Resources */,
				26869C3F1F2F175E00AB5D0F /* Assets.xcassets in Resources */,
				26869C3D1F2F175E00AB5D0F /* Main.storyboard in Resources */,
			);
			runOnlyForDeploymentPostprocessing = 0;
		};
		26869C461F2F175E00AB5D0F /* Resources */ = {
			isa = PBXResourcesBuildPhase;
			buildActionMask = 2147483647;
			files = (
			);
			runOnlyForDeploymentPostprocessing = 0;
		};
		26869C511F2F175E00AB5D0F /* Resources */ = {
			isa = PBXResourcesBuildPhase;
			buildActionMask = 2147483647;
			files = (
			);
			runOnlyForDeploymentPostprocessing = 0;
		};
/* End PBXResourcesBuildPhase section */

/* Begin PBXSourcesBuildPhase section */
		26869C2B1F2F175E00AB5D0F /* Sources */ = {
			isa = PBXSourcesBuildPhase;
			buildActionMask = 2147483647;
			files = (
				26869C3A1F2F175E00AB5D0F /* ViewController.m in Sources */,
				26869C371F2F175E00AB5D0F /* AppDelegate.m in Sources */,
				26869C341F2F175E00AB5D0F /* main.m in Sources */,
			);
			runOnlyForDeploymentPostprocessing = 0;
		};
		26869C441F2F175E00AB5D0F /* Sources */ = {
			isa = PBXSourcesBuildPhase;
			buildActionMask = 2147483647;
			files = (
				26869C4D1F2F175E00AB5D0F /* CarthageDemoTests.m in Sources */,
			);
			runOnlyForDeploymentPostprocessing = 0;
		};
		26869C4F1F2F175E00AB5D0F /* Sources */ = {
			isa = PBXSourcesBuildPhase;
			buildActionMask = 2147483647;
			files = (
				26869C581F2F175E00AB5D0F /* CarthageDemoUITests.m in Sources */,
			);
			runOnlyForDeploymentPostprocessing = 0;
		};
/* End PBXSourcesBuildPhase section */

/* Begin PBXTargetDependency section */
		26869C4A1F2F175E00AB5D0F /* PBXTargetDependency */ = {
			isa = PBXTargetDependency;
			target = 26869C2E1F2F175E00AB5D0F /* CarthageDemo */;
			targetProxy = 26869C491F2F175E00AB5D0F /* PBXContainerItemProxy */;
		};
		26869C551F2F175E00AB5D0F /* PBXTargetDependency */ = {
			isa = PBXTargetDependency;
			target = 26869C2E1F2F175E00AB5D0F /* CarthageDemo */;
			targetProxy = 26869C541F2F175E00AB5D0F /* PBXContainerItemProxy */;
		};
/* End PBXTargetDependency section */

/* Begin PBXVariantGroup section */
		26869C3B1F2F175E00AB5D0F /* Main.storyboard */ = {
			isa = PBXVariantGroup;
			children = (
				26869C3C1F2F175E00AB5D0F /* Base */,
			);
			name = Main.storyboard;
			sourceTree = "<group>";
		};
		26869C401F2F175E00AB5D0F /* LaunchScreen.storyboard */ = {
			isa = PBXVariantGroup;
			children = (
				26869C411F2F175E00AB5D0F /* Base */,
			);
			name = LaunchScreen.storyboard;
			sourceTree = "<group>";
		};
/* End PBXVariantGroup section */

/* Begin XCBuildConfiguration section */
		26869C5A1F2F175E00AB5D0F /* Debug */ = {
			isa = XCBuildConfiguration;
			buildSettings = {
				ALWAYS_SEARCH_USER_PATHS = NO;
				CLANG_ANALYZER_NONNULL = YES;
				CLANG_ANALYZER_NUMBER_OBJECT_CONVERSION = YES_AGGRESSIVE;
				CLANG_CXX_LANGUAGE_STANDARD = "gnu++0x";
				CLANG_CXX_LIBRARY = "libc++";
				CLANG_ENABLE_MODULES = YES;
				CLANG_ENABLE_OBJC_ARC = YES;
				CLANG_WARN_BOOL_CONVERSION = YES;
				CLANG_WARN_CONSTANT_CONVERSION = YES;
				CLANG_WARN_DIRECT_OBJC_ISA_USAGE = YES_ERROR;
				CLANG_WARN_DOCUMENTATION_COMMENTS = YES;
				CLANG_WARN_EMPTY_BODY = YES;
				CLANG_WARN_ENUM_CONVERSION = YES;
				CLANG_WARN_INFINITE_RECURSION = YES;
				CLANG_WARN_INT_CONVERSION = YES;
				CLANG_WARN_OBJC_ROOT_CLASS = YES_ERROR;
				CLANG_WARN_SUSPICIOUS_MOVE = YES;
				CLANG_WARN_UNREACHABLE_CODE = YES;
				CLANG_WARN__DUPLICATE_METHOD_MATCH = YES;
				"CODE_SIGN_IDENTITY[sdk=iphoneos*]" = "iPhone Developer";
				COPY_PHASE_STRIP = NO;
				DEBUG_INFORMATION_FORMAT = dwarf;
				ENABLE_STRICT_OBJC_MSGSEND = YES;
				ENABLE_TESTABILITY = YES;
				GCC_C_LANGUAGE_STANDARD = gnu99;
				GCC_DYNAMIC_NO_PIC = NO;
				GCC_NO_COMMON_BLOCKS = YES;
				GCC_OPTIMIZATION_LEVEL = 0;
				GCC_PREPROCESSOR_DEFINITIONS = (
					"DEBUG=1",
					"$(inherited)",
				);
				GCC_WARN_64_TO_32_BIT_CONVERSION = YES;
				GCC_WARN_ABOUT_RETURN_TYPE = YES_ERROR;
				GCC_WARN_UNDECLARED_SELECTOR = YES;
				GCC_WARN_UNINITIALIZED_AUTOS = YES_AGGRESSIVE;
				GCC_WARN_UNUSED_FUNCTION = YES;
				GCC_WARN_UNUSED_VARIABLE = YES;
				IPHONEOS_DEPLOYMENT_TARGET = 10.3;
				MTL_ENABLE_DEBUG_INFO = YES;
				ONLY_ACTIVE_ARCH = YES;
				SDKROOT = iphoneos;
			};
			name = Debug;
		};
		26869C5B1F2F175E00AB5D0F /* Release */ = {
			isa = XCBuildConfiguration;
			buildSettings = {
				ALWAYS_SEARCH_USER_PATHS = NO;
				CLANG_ANALYZER_NONNULL = YES;
				CLANG_ANALYZER_NUMBER_OBJECT_CONVERSION = YES_AGGRESSIVE;
				CLANG_CXX_LANGUAGE_STANDARD = "gnu++0x";
				CLANG_CXX_LIBRARY = "libc++";
				CLANG_ENABLE_MODULES = YES;
				CLANG_ENABLE_OBJC_ARC = YES;
				CLANG_WARN_BOOL_CONVERSION = YES;
				CLANG_WARN_CONSTANT_CONVERSION = YES;
				CLANG_WARN_DIRECT_OBJC_ISA_USAGE = YES_ERROR;
				CLANG_WARN_DOCUMENTATION_COMMENTS = YES;
				CLANG_WARN_EMPTY_BODY = YES;
				CLANG_WARN_ENUM_CONVERSION = YES;
				CLANG_WARN_INFINITE_RECURSION = YES;
				CLANG_WARN_INT_CONVERSION = YES;
				CLANG_WARN_OBJC_ROOT_CLASS = YES_ERROR;
				CLANG_WARN_SUSPICIOUS_MOVE = YES;
				CLANG_WARN_UNREACHABLE_CODE = YES;
				CLANG_WARN__DUPLICATE_METHOD_MATCH = YES;
				"CODE_SIGN_IDENTITY[sdk=iphoneos*]" = "iPhone Developer";
				COPY_PHASE_STRIP = NO;
				DEBUG_INFORMATION_FORMAT = "dwarf-with-dsym";
				ENABLE_NS_ASSERTIONS = NO;
				ENABLE_STRICT_OBJC_MSGSEND = YES;
				GCC_C_LANGUAGE_STANDARD = gnu99;
				GCC_NO_COMMON_BLOCKS = YES;
				GCC_WARN_64_TO_32_BIT_CONVERSION = YES;
				GCC_WARN_ABOUT_RETURN_TYPE = YES_ERROR;
				GCC_WARN_UNDECLARED_SELECTOR = YES;
				GCC_WARN_UNINITIALIZED_AUTOS = YES_AGGRESSIVE;
				GCC_WARN_UNUSED_FUNCTION = YES;
				GCC_WARN_UNUSED_VARIABLE = YES;
				IPHONEOS_DEPLOYMENT_TARGET = 10.3;
				MTL_ENABLE_DEBUG_INFO = NO;
				SDKROOT = iphoneos;
				VALIDATE_PRODUCT = YES;
			};
			name = Release;
		};
		26869C5D1F2F175E00AB5D0F /* Debug */ = {
			isa = XCBuildConfiguration;
			buildSettings = {
				ASSETCATALOG_COMPILER_APPICON_NAME = AppIcon;
				DEVELOPMENT_TEAM = E6233Y4S2J;
				INFOPLIST_FILE = CarthageDemo/Info.plist;
				LD_RUNPATH_SEARCH_PATHS = "$(inherited) @executable_path/Frameworks";
				PRODUCT_BUNDLE_IDENTIFIER = com.fayuan.CarthageDemo;
				PRODUCT_NAME = "$(TARGET_NAME)";
			};
			name = Debug;
		};
		26869C5E1F2F175E00AB5D0F /* Release */ = {
			isa = XCBuildConfiguration;
			buildSettings = {
				ASSETCATALOG_COMPILER_APPICON_NAME = AppIcon;
				DEVELOPMENT_TEAM = E6233Y4S2J;
				INFOPLIST_FILE = CarthageDemo/Info.plist;
				LD_RUNPATH_SEARCH_PATHS = "$(inherited) @executable_path/Frameworks";
				PRODUCT_BUNDLE_IDENTIFIER = com.fayuan.CarthageDemo;
				PRODUCT_NAME = "$(TARGET_NAME)";
			};
			name = Release;
		};
		26869C601F2F175E00AB5D0F /* Debug */ = {
			isa = XCBuildConfiguration;
			buildSettings = {
				BUNDLE_LOADER = "$(TEST_HOST)";
				DEVELOPMENT_TEAM = E6233Y4S2J;
				INFOPLIST_FILE = CarthageDemoTests/Info.plist;
				LD_RUNPATH_SEARCH_PATHS = "$(inherited) @executable_path/Frameworks @loader_path/Frameworks";
				PRODUCT_BUNDLE_IDENTIFIER = com.fayuan.CarthageDemoTests;
				PRODUCT_NAME = "$(TARGET_NAME)";
				TEST_HOST = "$(BUILT_PRODUCTS_DIR)/CarthageDemo.app/CarthageDemo";
			};
			name = Debug;
		};
		26869C611F2F175E00AB5D0F /* Release */ = {
			isa = XCBuildConfiguration;
			buildSettings = {
				BUNDLE_LOADER = "$(TEST_HOST)";
				DEVELOPMENT_TEAM = E6233Y4S2J;
				INFOPLIST_FILE = CarthageDemoTests/Info.plist;
				LD_RUNPATH_SEARCH_PATHS = "$(inherited) @executable_path/Frameworks @loader_path/Frameworks";
				PRODUCT_BUNDLE_IDENTIFIER = com.fayuan.CarthageDemoTests;
				PRODUCT_NAME = "$(TARGET_NAME)";
				TEST_HOST = "$(BUILT_PRODUCTS_DIR)/CarthageDemo.app/CarthageDemo";
			};
			name = Release;
		};
		26869C631F2F175E00AB5D0F /* Debug */ = {
			isa = XCBuildConfiguration;
			buildSettings = {
				DEVELOPMENT_TEAM = E6233Y4S2J;
				INFOPLIST_FILE = CarthageDemoUITests/Info.plist;
				LD_RUNPATH_SEARCH_PATHS = "$(inherited) @executable_path/Frameworks @loader_path/Frameworks";
				PRODUCT_BUNDLE_IDENTIFIER = com.fayuan.CarthageDemoUITests;
				PRODUCT_NAME = "$(TARGET_NAME)";
				TEST_TARGET_NAME = CarthageDemo;
			};
			name = Debug;
		};
		26869C641F2F175E00AB5D0F /* Release */ = {
			isa = XCBuildConfiguration;
			buildSettings = {
				DEVELOPMENT_TEAM = E6233Y4S2J;
				INFOPLIST_FILE = CarthageDemoUITests/Info.plist;
				LD_RUNPATH_SEARCH_PATHS = "$(inherited) @executable_path/Frameworks @loader_path/Frameworks";
				PRODUCT_BUNDLE_IDENTIFIER = com.fayuan.CarthageDemoUITests;
				PRODUCT_NAME = "$(TARGET_NAME)";
				TEST_TARGET_NAME = CarthageDemo;
			};
			name = Release;
		};
/* End XCBuildConfiguration section */

/* Begin XCConfigurationList section */
		26869C2A1F2F175E00AB5D0F /* Build configuration list for PBXProject "CarthageDemo" */ = {
			isa = XCConfigurationList;
			buildConfigurations = (
				26869C5A1F2F175E00AB5D0F /* Debug */,
				26869C5B1F2F175E00AB5D0F /* Release */,
			);
			defaultConfigurationIsVisible = 0;
			defaultConfigurationName = Release;
		};
		26869C5C1F2F175E00AB5D0F /* Build configuration list for PBXNativeTarget "CarthageDemo" */ = {
			isa = XCConfigurationList;
			buildConfigurations = (
				26869C5D1F2F175E00AB5D0F /* Debug */,
				26869C5E1F2F175E00AB5D0F /* Release */,
			);
			defaultConfigurationIsVisible = 0;
		};
		26869C5F1F2F175E00AB5D0F /* Build configuration list for PBXNativeTarget "CarthageDemoTests" */ = {
			isa = XCConfigurationList;
			buildConfigurations = (
				26869C601F2F175E00AB5D0F /* Debug */,
				26869C611F2F175E00AB5D0F /* Release */,
			);
			defaultConfigurationIsVisible = 0;
		};
		26869C621F2F175E00AB5D0F /* Build configuration list for PBXNativeTarget "CarthageDemoUITests" */ = {
			isa = XCConfigurationList;
			buildConfigurations = (
				26869C631F2F175E00AB5D0F /* Debug */,
				26869C641F2F175E00AB5D0F /* Release */,
			);
			defaultConfigurationIsVisible = 0;
		};
/* End XCConfigurationList section */
	};
	rootObject = 26869C271F2F175E00AB5D0F /* Project object */;
}
